// !$*UTF8*$!
{
	archiveVersion = 1;
	classes = {
	};
	objectVersion = 46;
	objects = {

/* Begin PBXBuildFile section */
		C31F21371DCB10A20019E46A /* main.m in Sources */ = {isa = PBXBuildFile; fileRef = C31F21361DCB10A20019E46A /* main.m */; };
		C31F213A1DCB10A20019E46A /* AppDelegate.m in Sources */ = {isa = PBXBuildFile; fileRef = C31F21391DCB10A20019E46A /* AppDelegate.m */; };
		C31F213D1DCB10A20019E46A /* MasterViewController.m in Sources */ = {isa = PBXBuildFile; fileRef = C31F213C1DCB10A20019E46A /* MasterViewController.m */; };
		C31F21401DCB10A20019E46A /* DetailViewController.m in Sources */ = {isa = PBXBuildFile; fileRef = C31F213F1DCB10A20019E46A /* DetailViewController.m */; };
		C31F21431DCB10A20019E46A /* Main.storyboard in Resources */ = {isa = PBXBuildFile; fileRef = C31F21411DCB10A20019E46A /* Main.storyboard */; };
		C31F21451DCB10A20019E46A /* Assets.xcassets in Resources */ = {isa = PBXBuildFile; fileRef = C31F21441DCB10A20019E46A /* Assets.xcassets */; };
		C31F21481DCB10A20019E46A /* LaunchScreen.storyboard in Resources */ = {isa = PBXBuildFile; fileRef = C31F21461DCB10A20019E46A /* LaunchScreen.storyboard */; };
/* End PBXBuildFile section */

/* Begin PBXFileReference section */
		C31F21321DCB10A20019E46A /* Demo.app */ = {isa = PBXFileReference; explicitFileType = wrapper.application; includeInIndex = 0; path = Demo.app; sourceTree = BUILT_PRODUCTS_DIR; };
		C31F21361DCB10A20019E46A /* main.m */ = {isa = PBXFileReference; lastKnownFileType = sourcecode.c.objc; path = main.m; sourceTree = "<group>"; };
		C31F21381DCB10A20019E46A /* AppDelegate.h */ = {isa = PBXFileReference; lastKnownFileType = sourcecode.c.h; path = AppDelegate.h; sourceTree = "<group>"; };
		C31F21391DCB10A20019E46A /* AppDelegate.m */ = {isa = PBXFileReference; lastKnownFileType = sourcecode.c.objc; path = AppDelegate.m; sourceTree = "<group>"; };
		C31F213B1DCB10A20019E46A /* MasterViewController.h */ = {isa = PBXFileReference; lastKnownFileType = sourcecode.c.h; path = MasterViewController.h; sourceTree = "<group>"; };
		C31F213C1DCB10A20019E46A /* MasterViewController.m */ = {isa = PBXFileReference; lastKnownFileType = sourcecode.c.objc; path = MasterViewController.m; sourceTree = "<group>"; };
		C31F213E1DCB10A20019E46A /* DetailViewController.h */ = {isa = PBXFileReference; lastKnownFileType = sourcecode.c.h; path = DetailViewController.h; sourceTree = "<group>"; };
		C31F213F1DCB10A20019E46A /* DetailViewController.m */ = {isa = PBXFileReference; lastKnownFileType = sourcecode.c.objc; path = DetailViewController.m; sourceTree = "<group>"; };
		C31F21421DCB10A20019E46A /* Base */ = {isa = PBXFileReference; lastKnownFileType = file.storyboard; name = Base; path = Base.lproj/Main.storyboard; sourceTree = "<group>"; };
		C31F21441DCB10A20019E46A /* Assets.xcassets */ = {isa = PBXFileReference; lastKnownFileType = folder.assetcatalog; path = Assets.xcassets; sourceTree = "<group>"; };
		C31F21471DCB10A20019E46A /* Base */ = {isa = PBXFileReference; lastKnownFileType = file.storyboard; name = Base; path = Base.lproj/LaunchScreen.storyboard; sourceTree = "<group>"; };
		C31F21491DCB10A20019E46A /* Info.plist */ = {isa = PBXFileReference; lastKnownFileType = text.plist.xml; path = Info.plist; sourceTree = "<group>"; };
/* End PBXFileReference section */

/* Begin PBXFrameworksBuildPhase section */
		C31F212F1DCB10A20019E46A /* Frameworks */ = {
			isa = PBXFrameworksBuildPhase;
			buildActionMask = 2147483647;
			files = (
			);
			runOnlyForDeploymentPostprocessing = 0;
		};
/* End PBXFrameworksBuildPhase section */

/* Begin PBXGroup section */
		C31F21291DCB10A20019E46A = {
			isa = PBXGroup;
			children = (
				C31F21341DCB10A20019E46A /* Demo */,
				C31F21331DCB10A20019E46A /* Products */,
			);
			sourceTree = "<group>";
		};
		C31F21331DCB10A20019E46A /* Products */ = {
			isa = PBXGroup;
			children = (
				C31F21321DCB10A20019E46A /* Demo.app */,
			);
			name = Products;
			sourceTree = "<group>";
		};
		C31F21341DCB10A20019E46A /* Demo */ = {
			isa = PBXGroup;
			children = (
				C31F21381DCB10A20019E46A /* AppDelegate.h */,
				C31F21391DCB10A20019E46A /* AppDelegate.m */,
				C31F213B1DCB10A20019E46A /* MasterViewController.h */,
				C31F213C1DCB10A20019E46A /* MasterViewController.m */,
				C31F213E1DCB10A20019E46A /* DetailViewController.h */,
				C31F213F1DCB10A20019E46A /* DetailViewController.m */,
				C31F21411DCB10A20019E46A /* Main.storyboard */,
				C31F21441DCB10A20019E46A /* Assets.xcassets */,
				C31F21461DCB10A20019E46A /* LaunchScreen.storyboard */,
				C31F21491DCB10A20019E46A /* Info.plist */,
				C31F21351DCB10A20019E46A /* Supporting Files */,
			);
			path = Demo;
			sourceTree = "<group>";
		};
		C31F21351DCB10A20019E46A /* Supporting Files */ = {
			isa = PBXGroup;
			children = (
				C31F21361DCB10A20019E46A /* main.m */,
			);
			name = "Supporting Files";
			sourceTree = "<group>";
		};
/* End PBXGroup section */

/* Begin PBXNativeTarget section */
		C31F21311DCB10A20019E46A /* Demo */ = {
			isa = PBXNativeTarget;
			buildConfigurationList = C31F214C1DCB10A20019E46A /* Build configuration list for PBXNativeTarget "Demo" */;
			buildPhases = (
				C31F212E1DCB10A20019E46A /* Sources */,
				C31F212F1DCB10A20019E46A /* Frameworks */,
				C31F21301DCB10A20019E46A /* Resources */,
			);
			buildRules = (
			);
			dependencies = (
			);
			name = Demo;
			productName = Demo;
			productReference = C31F21321DCB10A20019E46A /* Demo.app */;
			productType = "com.apple.product-type.application";
		};
/* End PBXNativeTarget section */

/* Begin PBXProject section */
		C31F212A1DCB10A20019E46A /* Project object */ = {
			isa = PBXProject;
			attributes = {
				LastUpgradeCheck = 0810;
				ORGANIZATIONNAME = "Carl Liu";
				TargetAttributes = {
					C31F21311DCB10A20019E46A = {
						CreatedOnToolsVersion = 8.1;
						DevelopmentTeam = J97FKQCT26;
						ProvisioningStyle = Automatic;
					};
				};
			};
			buildConfigurationList = C31F212D1DCB10A20019E46A /* Build configuration list for PBXProject "Demo" */;
			compatibilityVersion = "Xcode 3.2";
			developmentRegion = English;
			hasScannedForEncodings = 0;
			knownRegions = (
				en,
				Base,
			);
			mainGroup = C31F21291DCB10A20019E46A;
			productRefGroup = C31F21331DCB10A20019E46A /* Products */;
			projectDirPath = "";
			projectRoot = "";
			targets = (
				C31F21311DCB10A20019E46A /* Demo */,
			);
		};
/* End PBXProject section */

/* Begin PBXResourcesBuildPhase section */
		C31F21301DCB10A20019E46A /* Resources */ = {
			isa = PBXResourcesBuildPhase;
			buildActionMask = 2147483647;
			files = (
				C31F21481DCB10A20019E46A /* LaunchScreen.storyboard in Resources */,
				C31F21451DCB10A20019E46A /* Assets.xcassets in Resources */,
				C31F21431DCB10A20019E46A /* Main.storyboard in Resources */,
			);
			runOnlyForDeploymentPostprocessing = 0;
		};
/* End PBXResourcesBuildPhase section */

/* Begin PBXSourcesBuildPhase section */
		C31F212E1DCB10A20019E46A /* Sources */ = {
			isa = PBXSourcesBuildPhase;
			buildActionMask = 2147483647;
			files = (
				C31F213A1DCB10A20019E46A /* AppDelegate.m in Sources */,
				C31F213D1DCB10A20019E46A /* MasterViewController.m in Sources */,
				C31F21371DCB10A20019E46A /* main.m in Sources */,
				C31F21401DCB10A20019E46A /* DetailViewController.m in Sources */,
			);
			runOnlyForDeploymentPostprocessing = 0;
		};
/* End PBXSourcesBuildPhase section */

/* Begin PBXVariantGroup section */
		C31F21411DCB10A20019E46A /* Main.storyboard */ = {
			isa = PBXVariantGroup;
			children = (
				C31F21421DCB10A20019E46A /* Base */,
			);
			name = Main.storyboard;
			sourceTree = "<group>";
		};
		C31F21461DCB10A20019E46A /* LaunchScreen.storyboard */ = {
			isa = PBXVariantGroup;
			children = (
				C31F21471DCB10A20019E46A /* Base */,
			);
			name = LaunchScreen.storyboard;
			sourceTree = "<group>";
		};
/* End PBXVariantGroup section */

/* Begin XCBuildConfiguration section */
		C31F214A1DCB10A20019E46A /* Debug */ = {
			isa = XCBuildConfiguration;
			buildSettings = {
				ALWAYS_SEARCH_USER_PATHS = NO;
				CLANG_ANALYZER_NONNULL = YES;
				CLANG_CXX_LANGUAGE_STANDARD = "gnu++0x";
				CLANG_CXX_LIBRARY = "libc++";
				CLANG_ENABLE_MODULES = YES;
				CLANG_ENABLE_OBJC_ARC = YES;
				CLANG_WARN_BOOL_CONVERSION = YES;
				CLANG_WARN_CONSTANT_CONVERSION = YES;
				CLANG_WARN_DIRECT_OBJC_ISA_USAGE = YES_ERROR;
				CLANG_WARN_DOCUMENTATION_COMMENTS = YES;
				CLANG_WARN_EMPTY_BODY = YES;
				CLANG_WARN_ENUM_CONVERSION = YES;
				CLANG_WARN_INFINITE_RECURSION = YES;
				CLANG_WARN_INT_CONVERSION = YES;
				CLANG_WARN_OBJC_ROOT_CLASS = YES_ERROR;
				CLANG_WARN_SUSPICIOUS_MOVES = YES;
				CLANG_WARN_UNREACHABLE_CODE = YES;
				CLANG_WARN__DUPLICATE_METHOD_MATCH = YES;
				"CODE_SIGN_IDENTITY[sdk=iphoneos*]" = "iPhone Developer";
				COPY_PHASE_STRIP = NO;
				DEBUG_INFORMATION_FORMAT = dwarf;
				ENABLE_STRICT_OBJC_MSGSEND = YES;
				ENABLE_TESTABILITY = YES;
				GCC_C_LANGUAGE_STANDARD = gnu99;
				GCC_DYNAMIC_NO_PIC = NO;
				GCC_NO_COMMON_BLOCKS = YES;
				GCC_OPTIMIZATION_LEVEL = 0;
				GCC_PREPROCESSOR_DEFINITIONS = (
					"DEBUG=1",
					"$(inherited)",
				);
				GCC_WARN_64_TO_32_BIT_CONVERSION = YES;
				GCC_WARN_ABOUT_RETURN_TYPE = YES_ERROR;
				GCC_WARN_UNDECLARED_SELECTOR = YES;
				GCC_WARN_UNINITIALIZED_AUTOS = YES_AGGRESSIVE;
				GCC_WARN_UNUSED_FUNCTION = YES;
				GCC_WARN_UNUSED_VARIABLE = YES;
				IPHONEOS_DEPLOYMENT_TARGET = 10.1;
				MTL_ENABLE_DEBUG_INFO = YES;
				ONLY_ACTIVE_ARCH = YES;
				SDKROOT = iphoneos;
				TARGETED_DEVICE_FAMILY = 2;
			};
			name = Debug;
		};
		C31F214B1DCB10A20019E46A /* Release */ = {
			isa = XCBuildConfiguration;
			buildSettings = {
				ALWAYS_SEARCH_USER_PATHS = NO;
				CLANG_ANALYZER_NONNULL = YES;
				CLANG_CXX_LANGUAGE_STANDARD = "gnu++0x";
				CLANG_CXX_LIBRARY = "libc++";
				CLANG_ENABLE_MODULES = YES;
				CLANG_ENABLE_OBJC_ARC = YES;
				CLANG_WARN_BOOL_CONVERSION = YES;
				CLANG_WARN_CONSTANT_CONVERSION = YES;
				CLANG_WARN_DIRECT_OBJC_ISA_USAGE = YES_ERROR;
				CLANG_WARN_DOCUMENTATION_COMMENTS = YES;
				CLANG_WARN_EMPTY_BODY = YES;
				CLANG_WARN_ENUM_CONVERSION = YES;
				CLANG_WARN_INFINITE_RECURSION = YES;
				CLANG_WARN_INT_CONVERSION = YES;
				CLANG_WARN_OBJC_ROOT_CLASS = YES_ERROR;
				CLANG_WARN_SUSPICIOUS_MOVES = YES;
				CLANG_WARN_UNREACHABLE_CODE = YES;
				CLANG_WARN__DUPLICATE_METHOD_MATCH = YES;
				"CODE_SIGN_IDENTITY[sdk=iphoneos*]" = "iPhone Developer";
				COPY_PHASE_STRIP = NO;
				DEBUG_INFORMATION_FORMAT = "dwarf-with-dsym";
				ENABLE_NS_ASSERTIONS = NO;
				ENABLE_STRICT_OBJC_MSGSEND = YES;
				GCC_C_LANGUAGE_STANDARD = gnu99;
				GCC_NO_COMMON_BLOCKS = YES;
				GCC_WARN_64_TO_32_BIT_CONVERSION = YES;
				GCC_WARN_ABOUT_RETURN_TYPE = YES_ERROR;
				GCC_WARN_UNDECLARED_SELECTOR = YES;
				GCC_WARN_UNINITIALIZED_AUTOS = YES_AGGRESSIVE;
				GCC_WARN_UNUSED_FUNCTION = YES;
				GCC_WARN_UNUSED_VARIABLE = YES;
				IPHONEOS_DEPLOYMENT_TARGET = 10.1;
				MTL_ENABLE_DEBUG_INFO = NO;
				SDKROOT = iphoneos;
				TARGETED_DEVICE_FAMILY = 2;
				VALIDATE_PRODUCT = YES;
			};
			name = Release;
		};
		C31F214D1DCB10A20019E46A /* Debug */ = {
			isa = XCBuildConfiguration;
			buildSettings = {
				ASSETCATALOG_COMPILER_APPICON_NAME = AppIcon;
				DEVELOPMENT_TEAM = J97FKQCT26;
				INFOPLIST_FILE = Demo/Info.plist;
				LD_RUNPATH_SEARCH_PATHS = "$(inherited) @executable_path/Frameworks";
				PRODUCT_BUNDLE_IDENTIFIER = carl.liu.Demo;
				PRODUCT_NAME = "$(TARGET_NAME)";
			};
			name = Debug;
		};
		C31F214E1DCB10A20019E46A /* Release */ = {
			isa = XCBuildConfiguration;
			buildSettings = {
				ASSETCATALOG_COMPILER_APPICON_NAME = AppIcon;
				DEVELOPMENT_TEAM = J97FKQCT26;
				INFOPLIST_FILE = Demo/Info.plist;
				LD_RUNPATH_SEARCH_PATHS = "$(inherited) @executable_path/Frameworks";
				PRODUCT_BUNDLE_IDENTIFIER = carl.liu.Demo;
				PRODUCT_NAME = "$(TARGET_NAME)";
			};
			name = Release;
		};
/* End XCBuildConfiguration section */

/* Begin XCConfigurationList section */
		C31F212D1DCB10A20019E46A /* Build configuration list for PBXProject "Demo" */ = {
			isa = XCConfigurationList;
			buildConfigurations = (
				C31F214A1DCB10A20019E46A /* Debug */,
				C31F214B1DCB10A20019E46A /* Release */,
			);
			defaultConfigurationIsVisible = 0;
			defaultConfigurationName = Release;
		};
		C31F214C1DCB10A20019E46A /* Build configuration list for PBXNativeTarget "Demo" */ = {
			isa = XCConfigurationList;
			buildConfigurations = (
				C31F214D1DCB10A20019E46A /* Debug */,
				C31F214E1DCB10A20019E46A /* Release */,
			);
			defaultConfigurationIsVisible = 0;
		};
/* End XCConfigurationList section */
	};
	rootObject = C31F212A1DCB10A20019E46A /* Project object */;
}
